
Microsoft Visual Studio Solution File, Format Version 12.00
# Visual Studio Version 17
VisualStudioVersion = 17.13.35931.197
MinimumVisualStudioVersion = 10.0.40219.1
Project("{2150E333-8FDC-42A3-9474-1A3956D46DE8}") = "src", "src", "{02EA681E-C7D8-13C7-8484-4AC65E1B71E8}"
EndProject
Project("{2150E333-8FDC-42A3-9474-1A3956D46DE8}") = "tests", "tests", "{EB21EA9F-360D-41C4-A651-10AF7E5CB8F1}"
EndProject
Project("{2150E333-8FDC-42A3-9474-1A3956D46DE8}") = "build", "build", "{C4C87A46-2F11-4578-8D8B-287378478ADB}"
	ProjectSection(SolutionItems) = preProject
		..\..\repos\Project\Active\IdeaSpace\docker-compose.yml = ..\..\repos\Project\Active\IdeaSpace\docker-compose.yml
	EndProjectSection
EndProject
Project("{2150E333-8FDC-42A3-9474-1A3956D46DE8}") = "docs", "docs", "{3805B80D-F717-476B-BF47-AC002C6ACD2C}"
EndProject
Project("{2150E333-8FDC-42A3-9474-1A3956D46DE8}") = "Modules", "Modules", "{112A13CC-CB15-4F64-BDBE-088F2CB57955}"
EndProject
Project("{2150E333-8FDC-42A3-9474-1A3956D46DE8}") = "ExpirationDisplay", "ExpirationDisplay", "{EB919135-F2A2-490D-8DFF-972CB948B4B6}"
EndProject
Project("{2150E333-8FDC-42A3-9474-1A3956D46DE8}") = "PersistGateKeeper", "PersistGateKeeper", "{F79036D0-840B-4563-B583-885172292260}"
EndProject
Project("{2150E333-8FDC-42A3-9474-1A3956D46DE8}") = "CatastrophicRecovery", "CatastrophicRecovery", "{336AB576-2C3D-4AD4-AF9E-A083EA8D65DB}"
EndProject
Project("{2150E333-8FDC-42A3-9474-1A3956D46DE8}") = "Revising", "Revising", "{3B44FC15-4D4B-4221-A684-462859D20DFD}"
EndProject
Project("{2150E333-8FDC-42A3-9474-1A3956D46DE8}") = "Crud", "Crud", "{64C9C9F1-E0D2-40A3-93DC-453C91D6D752}"
EndProject
Project("{2150E333-8FDC-42A3-9474-1A3956D46DE8}") = "Shared", "Shared", "{392FB170-0201-4774-8DB7-7F370BCBA1F0}"
EndProject
Project("{2150E333-8FDC-42A3-9474-1A3956D46DE8}") = "Modules", "Modules", "{7DE00CA3-D1EA-4254-871B-77BFC03097A9}"
EndProject
Project("{2150E333-8FDC-42A3-9474-1A3956D46DE8}") = "Shared", "Shared", "{5062C494-ECDE-452E-8A0B-05AD1826831B}"
EndProject
Project("{2150E333-8FDC-42A3-9474-1A3956D46DE8}") = "Crud", "Crud", "{30C8EA29-D937-4AE5-BEE8-60D142CBE1C5}"
EndProject
Project("{2150E333-8FDC-42A3-9474-1A3956D46DE8}") = "CatastrophicRecovery", "CatastrophicRecovery", "{6D89BB4E-4C5D-4835-A1D6-8B01A61BAEF4}"
EndProject
Project("{2150E333-8FDC-42A3-9474-1A3956D46DE8}") = "ExpireationDisplay", "ExpireationDisplay", "{43589B6D-DC36-45C8-A826-F9479A5CB3D0}"
EndProject
Project("{2150E333-8FDC-42A3-9474-1A3956D46DE8}") = "PersistGateKeeper", "PersistGateKeeper", "{FA9C5741-6C8C-4719-9DB5-3C9EFECC50E8}"
EndProject
Project("{2150E333-8FDC-42A3-9474-1A3956D46DE8}") = "Revising", "Revising", "{56C35D4D-8AED-4B33-9793-98D360F25E4D}"
EndProject
Project("{FAE04EC0-301F-11D3-BF4B-00C04F79EFBC}") = "CatastrophicRecovery.API", "src\Modules\CatastrophicRecovery\Catastrophic.API\CatastrophicRecovery.API.csproj", "{936F305E-9EA4-44F8-8111-361F27086B48}"
EndProject
Project("{FAE04EC0-301F-11D3-BF4B-00C04F79EFBC}") = "CatastrophicRecovery.Application", "src\Modules\CatastrophicRecovery\CatastrophicRecovery.Application\CatastrophicRecovery.Application.csproj", "{E07B59BB-C75F-4A51-B4E1-C069A756D9B8}"
EndProject
Project("{FAE04EC0-301F-11D3-BF4B-00C04F79EFBC}") = "CatastrophicRecovery.Worker", "src\Modules\CatastrophicRecovery\CatastrophicRecovery.Worker\CatastrophicRecovery.Worker.csproj", "{2B6C86B1-E4D8-47BB-AA5F-D2BDD800262E}"
EndProject
Project("{FAE04EC0-301F-11D3-BF4B-00C04F79EFBC}") = "CatastrophicRecovery.Domain", "src\Modules\CatastrophicRecovery\CatastrophicRecovery.Domain\CatastrophicRecovery.Domain.csproj", "{50DD9BEB-B647-4F10-6E21-ABBB70A5AB33}"
EndProject
Project("{FAE04EC0-301F-11D3-BF4B-00C04F79EFBC}") = "CatastrophicRecovery.Infrastructure", "src\Modules\CatastrophicRecovery\CatastrophicRecovery.Infrastructure\CatastrophicRecovery.Infrastructure.csproj", "{AA511ECA-EF8D-510E-CF05-AE0DA8977FD0}"
EndProject
Project("{FAE04EC0-301F-11D3-BF4B-00C04F79EFBC}") = "Shared.Messaging", "src\Shared\Shared.Messaging\Shared.Messaging.csproj", "{8A9F4F3F-373B-459B-B504-A8C8B3491A7A}"
EndProject
Project("{FAE04EC0-301F-11D3-BF4B-00C04F79EFBC}") = "Shared.Infrastructure", "src\Shared\Shared.API\Shared.Infrastructure\Shared.Infrastructure.csproj", "{1DA9EC65-A8A7-4A56-A606-7E864FEF6FB8}"
EndProject
Project("{FAE04EC0-301F-11D3-BF4B-00C04F79EFBC}") = "Shared.Worker", "src\Shared\Shared.Worker\Shared.Worker.csproj", "{7DB5E83E-0255-4AFA-B034-7A2C14E46494}"
EndProject
Project("{FAE04EC0-301F-11D3-BF4B-00C04F79EFBC}") = "Shared.Kernel", "src\Shared\Shared.Kernel\Shared.Kernel.csproj", "{E35FE6F3-A4BE-4D0A-B5FE-A2199A6EEFB9}"
EndProject
Project("{FAE04EC0-301F-11D3-BF4B-00C04F79EFBC}") = "Crud.API", "src\Modules\Crud\Crud.API\Crud.API.csproj", "{B6C4B8B0-674F-4EFE-B99F-045B46CE82FA}"
EndProject
Project("{FAE04EC0-301F-11D3-BF4B-00C04F79EFBC}") = "Crud.Domain", "src\Modules\Crud\Crud.Domain\Crud.Domain.csproj", "{60A248C7-4D26-4370-B222-CF16F2872B0E}"
EndProject
Project("{FAE04EC0-301F-11D3-BF4B-00C04F79EFBC}") = "Crud.Application", "src\Modules\Crud\Crud.Application\Crud.Application.csproj", "{BE422D10-0320-4194-8341-10B573323C68}"
EndProject
Project("{FAE04EC0-301F-11D3-BF4B-00C04F79EFBC}") = "Crud.Infrastructure", "src\Modules\Crud\Crud.Infrastructure\Crud.Infrastructure.csproj", "{4418C96F-F48E-4E62-9153-E3FABC2093AE}"
EndProject
Project("{FAE04EC0-301F-11D3-BF4B-00C04F79EFBC}") = "Crud.Worker", "src\Modules\Crud\Crud.Worker\Crud.Worker.csproj", "{DA55E65E-CC73-409F-8072-D90CFB7A6EAE}"
EndProject
Project("{FAE04EC0-301F-11D3-BF4B-00C04F79EFBC}") = "Revising.API", "src\Modules\Revising\Revising.API\Revising.API.csproj", "{BD7D0EDF-560A-4BD0-BFC6-6406BC1F26A9}"
EndProject
Project("{FAE04EC0-301F-11D3-BF4B-00C04F79EFBC}") = "ExpirationDisplay.API", "src\Modules\ExpirationDisplay\ExpirationDisplay.API\ExpirationDisplay.API.csproj", "{F7FEB826-9BDC-4CC3-B1A5-1C58D1689E37}"
EndProject
Project("{FAE04EC0-301F-11D3-BF4B-00C04F79EFBC}") = "ExpirationDisplay.Application", "src\Modules\ExpirationDisplay\ExpirationDisplay.Application\ExpirationDisplay.Application.csproj", "{8425E673-7204-44BD-B449-B69DBD0D08CD}"
EndProject
Project("{FAE04EC0-301F-11D3-BF4B-00C04F79EFBC}") = "ExpirationDisplay.Domain", "src\Modules\ExpirationDisplay\ExpirationDisplay.Domain\ExpirationDisplay.Domain.csproj", "{2F11027D-8210-4331-8EAE-8F84C7C47C8C}"
EndProject
Project("{FAE04EC0-301F-11D3-BF4B-00C04F79EFBC}") = "ExpirationDisplay.Infrastructure", "src\Modules\ExpirationDisplay\ExpirationDisplay.Infrastructure\ExpirationDisplay.Infrastructure.csproj", "{3660C465-CCBC-4F7B-99FB-3D342DB6A538}"
EndProject
Project("{FAE04EC0-301F-11D3-BF4B-00C04F79EFBC}") = "ExpirationDisplay.Worker", "src\Modules\ExpirationDisplay\ExpirationDisplay.Worker\ExpirationDisplay.Worker.csproj", "{847D7DA7-9753-427A-9042-4195131C942E}"
EndProject
Project("{FAE04EC0-301F-11D3-BF4B-00C04F79EFBC}") = "PersistGateKeeper.API", "src\Modules\PersistGateKeeper\PersistGateKeeper.API\PersistGateKeeper.API.csproj", "{F86CE1FF-43D2-4A1D-A3D6-907660E98578}"
EndProject
Project("{FAE04EC0-301F-11D3-BF4B-00C04F79EFBC}") = "PersistGateKeeper.Application", "src\Modules\PersistGateKeeper\PersistGateKeeper.Application\PersistGateKeeper.Application.csproj", "{32484A7D-16B4-4C65-8488-79B9D6931127}"
EndProject
Project("{FAE04EC0-301F-11D3-BF4B-00C04F79EFBC}") = "PersistGateKeeper.Domain", "src\Modules\PersistGateKeeper\PersistGateKeeper.Domain\PersistGateKeeper.Domain.csproj", "{69BCB9F0-AD3B-4297-BD6F-6905544A98BF}"
EndProject
Project("{FAE04EC0-301F-11D3-BF4B-00C04F79EFBC}") = "PersistGateKeeper.Infrastructure", "src\Modules\PersistGateKeeper\PersistGateKeeper.Infrastructure\PersistGateKeeper.Infrastructure.csproj", "{0860FF36-CF44-45AD-B20C-5A456A00F122}"
EndProject
Project("{FAE04EC0-301F-11D3-BF4B-00C04F79EFBC}") = "PersistGateKeeper.Worker", "src\Modules\PersistGateKeeper\PersistGateKeeper.Worker\PersistGateKeeper.Worker.csproj", "{E44346C5-3237-42B1-A279-BAD4E269C436}"
EndProject
Project("{FAE04EC0-301F-11D3-BF4B-00C04F79EFBC}") = "Revising.Application", "src\Modules\Revising\Revising.Application\Revising.Application.csproj", "{12496686-B9E8-4D1D-B503-DB9FB349E0BC}"
EndProject
Project("{FAE04EC0-301F-11D3-BF4B-00C04F79EFBC}") = "Revising.Domain", "src\Modules\Revising\Revising.Domain\Revising.Domain.csproj", "{0FCF251B-5DD1-4022-90C3-50CA7577DFEA}"
EndProject
Project("{FAE04EC0-301F-11D3-BF4B-00C04F79EFBC}") = "Revising.Infrastructure", "src\Modules\Revising\Revising.Infrastructure\Revising.Infrastructure.csproj", "{C049BADD-F34C-4099-BC3F-E182FB77858C}"
EndProject
Project("{FAE04EC0-301F-11D3-BF4B-00C04F79EFBC}") = "Revising.Worker", "src\Modules\Revising\Revising.Worker\Revising.Worker.csproj", "{0CE8BC66-8BAD-42CB-BC57-BB9EDF934AA0}"
EndProject
Global
	GlobalSection(SolutionConfigurationPlatforms) = preSolution
		Debug|Any CPU = Debug|Any CPU
		Release|Any CPU = Release|Any CPU
	EndGlobalSection
	GlobalSection(ProjectConfigurationPlatforms) = postSolution
		{936F305E-9EA4-44F8-8111-361F27086B48}.Debug|Any CPU.ActiveCfg = Debug|Any CPU
		{936F305E-9EA4-44F8-8111-361F27086B48}.Debug|Any CPU.Build.0 = Debug|Any CPU
		{936F305E-9EA4-44F8-8111-361F27086B48}.Release|Any CPU.ActiveCfg = Release|Any CPU
		{936F305E-9EA4-44F8-8111-361F27086B48}.Release|Any CPU.Build.0 = Release|Any CPU
		{E07B59BB-C75F-4A51-B4E1-C069A756D9B8}.Debug|Any CPU.ActiveCfg = Debug|Any CPU
		{E07B59BB-C75F-4A51-B4E1-C069A756D9B8}.Debug|Any CPU.Build.0 = Debug|Any CPU
		{E07B59BB-C75F-4A51-B4E1-C069A756D9B8}.Release|Any CPU.ActiveCfg = Release|Any CPU
		{E07B59BB-C75F-4A51-B4E1-C069A756D9B8}.Release|Any CPU.Build.0 = Release|Any CPU
		{2B6C86B1-E4D8-47BB-AA5F-D2BDD800262E}.Debug|Any CPU.ActiveCfg = Debug|Any CPU
		{2B6C86B1-E4D8-47BB-AA5F-D2BDD800262E}.Debug|Any CPU.Build.0 = Debug|Any CPU
		{2B6C86B1-E4D8-47BB-AA5F-D2BDD800262E}.Release|Any CPU.ActiveCfg = Release|Any CPU
		{2B6C86B1-E4D8-47BB-AA5F-D2BDD800262E}.Release|Any CPU.Build.0 = Release|Any CPU
		{50DD9BEB-B647-4F10-6E21-ABBB70A5AB33}.Debug|Any CPU.ActiveCfg = Debug|Any CPU
		{50DD9BEB-B647-4F10-6E21-ABBB70A5AB33}.Debug|Any CPU.Build.0 = Debug|Any CPU
		{50DD9BEB-B647-4F10-6E21-ABBB70A5AB33}.Release|Any CPU.ActiveCfg = Release|Any CPU
		{50DD9BEB-B647-4F10-6E21-ABBB70A5AB33}.Release|Any CPU.Build.0 = Release|Any CPU
		{AA511ECA-EF8D-510E-CF05-AE0DA8977FD0}.Debug|Any CPU.ActiveCfg = Debug|Any CPU
		{AA511ECA-EF8D-510E-CF05-AE0DA8977FD0}.Debug|Any CPU.Build.0 = Debug|Any CPU
		{AA511ECA-EF8D-510E-CF05-AE0DA8977FD0}.Release|Any CPU.ActiveCfg = Release|Any CPU
		{AA511ECA-EF8D-510E-CF05-AE0DA8977FD0}.Release|Any CPU.Build.0 = Release|Any CPU
		{8A9F4F3F-373B-459B-B504-A8C8B3491A7A}.Debug|Any CPU.ActiveCfg = Debug|Any CPU
		{8A9F4F3F-373B-459B-B504-A8C8B3491A7A}.Debug|Any CPU.Build.0 = Debug|Any CPU
		{8A9F4F3F-373B-459B-B504-A8C8B3491A7A}.Release|Any CPU.ActiveCfg = Release|Any CPU
		{8A9F4F3F-373B-459B-B504-A8C8B3491A7A}.Release|Any CPU.Build.0 = Release|Any CPU
		{1DA9EC65-A8A7-4A56-A606-7E864FEF6FB8}.Debug|Any CPU.ActiveCfg = Debug|Any CPU
		{1DA9EC65-A8A7-4A56-A606-7E864FEF6FB8}.Debug|Any CPU.Build.0 = Debug|Any CPU
		{1DA9EC65-A8A7-4A56-A606-7E864FEF6FB8}.Release|Any CPU.ActiveCfg = Release|Any CPU
		{1DA9EC65-A8A7-4A56-A606-7E864FEF6FB8}.Release|Any CPU.Build.0 = Release|Any CPU
		{7DB5E83E-0255-4AFA-B034-7A2C14E46494}.Debug|Any CPU.ActiveCfg = Debug|Any CPU
		{7DB5E83E-0255-4AFA-B034-7A2C14E46494}.Debug|Any CPU.Build.0 = Debug|Any CPU
		{7DB5E83E-0255-4AFA-B034-7A2C14E46494}.Release|Any CPU.ActiveCfg = Release|Any CPU
		{7DB5E83E-0255-4AFA-B034-7A2C14E46494}.Release|Any CPU.Build.0 = Release|Any CPU
		{E35FE6F3-A4BE-4D0A-B5FE-A2199A6EEFB9}.Debug|Any CPU.ActiveCfg = Debug|Any CPU
		{E35FE6F3-A4BE-4D0A-B5FE-A2199A6EEFB9}.Debug|Any CPU.Build.0 = Debug|Any CPU
		{E35FE6F3-A4BE-4D0A-B5FE-A2199A6EEFB9}.Release|Any CPU.ActiveCfg = Release|Any CPU
		{E35FE6F3-A4BE-4D0A-B5FE-A2199A6EEFB9}.Release|Any CPU.Build.0 = Release|Any CPU
		{B6C4B8B0-674F-4EFE-B99F-045B46CE82FA}.Debug|Any CPU.ActiveCfg = Debug|Any CPU
		{B6C4B8B0-674F-4EFE-B99F-045B46CE82FA}.Debug|Any CPU.Build.0 = Debug|Any CPU
		{B6C4B8B0-674F-4EFE-B99F-045B46CE82FA}.Release|Any CPU.ActiveCfg = Release|Any CPU
		{B6C4B8B0-674F-4EFE-B99F-045B46CE82FA}.Release|Any CPU.Build.0 = Release|Any CPU
		{60A248C7-4D26-4370-B222-CF16F2872B0E}.Debug|Any CPU.ActiveCfg = Debug|Any CPU
		{60A248C7-4D26-4370-B222-CF16F2872B0E}.Debug|Any CPU.Build.0 = Debug|Any CPU
		{60A248C7-4D26-4370-B222-CF16F2872B0E}.Release|Any CPU.ActiveCfg = Release|Any CPU
		{60A248C7-4D26-4370-B222-CF16F2872B0E}.Release|Any CPU.Build.0 = Release|Any CPU
		{BE422D10-0320-4194-8341-10B573323C68}.Debug|Any CPU.ActiveCfg = Debug|Any CPU
		{BE422D10-0320-4194-8341-10B573323C68}.Debug|Any CPU.Build.0 = Debug|Any CPU
		{BE422D10-0320-4194-8341-10B573323C68}.Release|Any CPU.ActiveCfg = Release|Any CPU
		{BE422D10-0320-4194-8341-10B573323C68}.Release|Any CPU.Build.0 = Release|Any CPU
		{4418C96F-F48E-4E62-9153-E3FABC2093AE}.Debug|Any CPU.ActiveCfg = Debug|Any CPU
		{4418C96F-F48E-4E62-9153-E3FABC2093AE}.Debug|Any CPU.Build.0 = Debug|Any CPU
		{4418C96F-F48E-4E62-9153-E3FABC2093AE}.Release|Any CPU.ActiveCfg = Release|Any CPU
		{4418C96F-F48E-4E62-9153-E3FABC2093AE}.Release|Any CPU.Build.0 = Release|Any CPU
		{DA55E65E-CC73-409F-8072-D90CFB7A6EAE}.Debug|Any CPU.ActiveCfg = Debug|Any CPU
		{DA55E65E-CC73-409F-8072-D90CFB7A6EAE}.Debug|Any CPU.Build.0 = Debug|Any CPU
		{DA55E65E-CC73-409F-8072-D90CFB7A6EAE}.Release|Any CPU.ActiveCfg = Release|Any CPU
		{DA55E65E-CC73-409F-8072-D90CFB7A6EAE}.Release|Any CPU.Build.0 = Release|Any CPU
		{BD7D0EDF-560A-4BD0-BFC6-6406BC1F26A9}.Debug|Any CPU.ActiveCfg = Debug|Any CPU
		{BD7D0EDF-560A-4BD0-BFC6-6406BC1F26A9}.Debug|Any CPU.Build.0 = Debug|Any CPU
		{BD7D0EDF-560A-4BD0-BFC6-6406BC1F26A9}.Release|Any CPU.ActiveCfg = Release|Any CPU
		{BD7D0EDF-560A-4BD0-BFC6-6406BC1F26A9}.Release|Any CPU.Build.0 = Release|Any CPU
		{F7FEB826-9BDC-4CC3-B1A5-1C58D1689E37}.Debug|Any CPU.ActiveCfg = Debug|Any CPU
		{F7FEB826-9BDC-4CC3-B1A5-1C58D1689E37}.Debug|Any CPU.Build.0 = Debug|Any CPU
		{F7FEB826-9BDC-4CC3-B1A5-1C58D1689E37}.Release|Any CPU.ActiveCfg = Release|Any CPU
		{F7FEB826-9BDC-4CC3-B1A5-1C58D1689E37}.Release|Any CPU.Build.0 = Release|Any CPU
		{8425E673-7204-44BD-B449-B69DBD0D08CD}.Debug|Any CPU.ActiveCfg = Debug|Any CPU
		{8425E673-7204-44BD-B449-B69DBD0D08CD}.Debug|Any CPU.Build.0 = Debug|Any CPU
		{8425E673-7204-44BD-B449-B69DBD0D08CD}.Release|Any CPU.ActiveCfg = Release|Any CPU
		{8425E673-7204-44BD-B449-B69DBD0D08CD}.Release|Any CPU.Build.0 = Release|Any CPU
		{2F11027D-8210-4331-8EAE-8F84C7C47C8C}.Debug|Any CPU.ActiveCfg = Debug|Any CPU
		{2F11027D-8210-4331-8EAE-8F84C7C47C8C}.Debug|Any CPU.Build.0 = Debug|Any CPU
		{2F11027D-8210-4331-8EAE-8F84C7C47C8C}.Release|Any CPU.ActiveCfg = Release|Any CPU
		{2F11027D-8210-4331-8EAE-8F84C7C47C8C}.Release|Any CPU.Build.0 = Release|Any CPU
		{3660C465-CCBC-4F7B-99FB-3D342DB6A538}.Debug|Any CPU.ActiveCfg = Debug|Any CPU
		{3660C465-CCBC-4F7B-99FB-3D342DB6A538}.Debug|Any CPU.Build.0 = Debug|Any CPU
		{3660C465-CCBC-4F7B-99FB-3D342DB6A538}.Release|Any CPU.ActiveCfg = Release|Any CPU
		{3660C465-CCBC-4F7B-99FB-3D342DB6A538}.Release|Any CPU.Build.0 = Release|Any CPU
		{847D7DA7-9753-427A-9042-4195131C942E}.Debug|Any CPU.ActiveCfg = Debug|Any CPU
		{847D7DA7-9753-427A-9042-4195131C942E}.Debug|Any CPU.Build.0 = Debug|Any CPU
		{847D7DA7-9753-427A-9042-4195131C942E}.Release|Any CPU.ActiveCfg = Release|Any CPU
		{847D7DA7-9753-427A-9042-4195131C942E}.Release|Any CPU.Build.0 = Release|Any CPU
		{F86CE1FF-43D2-4A1D-A3D6-907660E98578}.Debug|Any CPU.ActiveCfg = Debug|Any CPU
		{F86CE1FF-43D2-4A1D-A3D6-907660E98578}.Debug|Any CPU.Build.0 = Debug|Any CPU
		{F86CE1FF-43D2-4A1D-A3D6-907660E98578}.Release|Any CPU.ActiveCfg = Release|Any CPU
		{F86CE1FF-43D2-4A1D-A3D6-907660E98578}.Release|Any CPU.Build.0 = Release|Any CPU
		{32484A7D-16B4-4C65-8488-79B9D6931127}.Debug|Any CPU.ActiveCfg = Debug|Any CPU
		{32484A7D-16B4-4C65-8488-79B9D6931127}.Debug|Any CPU.Build.0 = Debug|Any CPU
		{32484A7D-16B4-4C65-8488-79B9D6931127}.Release|Any CPU.ActiveCfg = Release|Any CPU
		{32484A7D-16B4-4C65-8488-79B9D6931127}.Release|Any CPU.Build.0 = Release|Any CPU
		{69BCB9F0-AD3B-4297-BD6F-6905544A98BF}.Debug|Any CPU.ActiveCfg = Debug|Any CPU
		{69BCB9F0-AD3B-4297-BD6F-6905544A98BF}.Debug|Any CPU.Build.0 = Debug|Any CPU
		{69BCB9F0-AD3B-4297-BD6F-6905544A98BF}.Release|Any CPU.ActiveCfg = Release|Any CPU
		{69BCB9F0-AD3B-4297-BD6F-6905544A98BF}.Release|Any CPU.Build.0 = Release|Any CPU
		{0860FF36-CF44-45AD-B20C-5A456A00F122}.Debug|Any CPU.ActiveCfg = Debug|Any CPU
		{0860FF36-CF44-45AD-B20C-5A456A00F122}.Debug|Any CPU.Build.0 = Debug|Any CPU
		{0860FF36-CF44-45AD-B20C-5A456A00F122}.Release|Any CPU.ActiveCfg = Release|Any CPU
		{0860FF36-CF44-45AD-B20C-5A456A00F122}.Release|Any CPU.Build.0 = Release|Any CPU
		{E44346C5-3237-42B1-A279-BAD4E269C436}.Debug|Any CPU.ActiveCfg = Debug|Any CPU
		{E44346C5-3237-42B1-A279-BAD4E269C436}.Debug|Any CPU.Build.0 = Debug|Any CPU
		{E44346C5-3237-42B1-A279-BAD4E269C436}.Release|Any CPU.ActiveCfg = Release|Any CPU
		{E44346C5-3237-42B1-A279-BAD4E269C436}.Release|Any CPU.Build.0 = Release|Any CPU
		{12496686-B9E8-4D1D-B503-DB9FB349E0BC}.Debug|Any CPU.ActiveCfg = Debug|Any CPU
		{12496686-B9E8-4D1D-B503-DB9FB349E0BC}.Debug|Any CPU.Build.0 = Debug|Any CPU
		{12496686-B9E8-4D1D-B503-DB9FB349E0BC}.Release|Any CPU.ActiveCfg = Release|Any CPU
		{12496686-B9E8-4D1D-B503-DB9FB349E0BC}.Release|Any CPU.Build.0 = Release|Any CPU
		{0FCF251B-5DD1-4022-90C3-50CA7577DFEA}.Debug|Any CPU.ActiveCfg = Debug|Any CPU
		{0FCF251B-5DD1-4022-90C3-50CA7577DFEA}.Debug|Any CPU.Build.0 = Debug|Any CPU
		{0FCF251B-5DD1-4022-90C3-50CA7577DFEA}.Release|Any CPU.ActiveCfg = Release|Any CPU
		{0FCF251B-5DD1-4022-90C3-50CA7577DFEA}.Release|Any CPU.Build.0 = Release|Any CPU
		{C049BADD-F34C-4099-BC3F-E182FB77858C}.Debug|Any CPU.ActiveCfg = Debug|Any CPU
		{C049BADD-F34C-4099-BC3F-E182FB77858C}.Debug|Any CPU.Build.0 = Debug|Any CPU
		{C049BADD-F34C-4099-BC3F-E182FB77858C}.Release|Any CPU.ActiveCfg = Release|Any CPU
		{C049BADD-F34C-4099-BC3F-E182FB77858C}.Release|Any CPU.Build.0 = Release|Any CPU
		{0CE8BC66-8BAD-42CB-BC57-BB9EDF934AA0}.Debug|Any CPU.ActiveCfg = Debug|Any CPU
		{0CE8BC66-8BAD-42CB-BC57-BB9EDF934AA0}.Debug|Any CPU.Build.0 = Debug|Any CPU
		{0CE8BC66-8BAD-42CB-BC57-BB9EDF934AA0}.Release|Any CPU.ActiveCfg = Release|Any CPU
		{0CE8BC66-8BAD-42CB-BC57-BB9EDF934AA0}.Release|Any CPU.Build.0 = Release|Any CPU
	EndGlobalSection
	GlobalSection(SolutionProperties) = preSolution
		HideSolutionNode = FALSE
	EndGlobalSection
	GlobalSection(NestedProjects) = preSolution
		{112A13CC-CB15-4F64-BDBE-088F2CB57955} = {02EA681E-C7D8-13C7-8484-4AC65E1B71E8}
		{EB919135-F2A2-490D-8DFF-972CB948B4B6} = {112A13CC-CB15-4F64-BDBE-088F2CB57955}
		{F79036D0-840B-4563-B583-885172292260} = {112A13CC-CB15-4F64-BDBE-088F2CB57955}
		{336AB576-2C3D-4AD4-AF9E-A083EA8D65DB} = {112A13CC-CB15-4F64-BDBE-088F2CB57955}
		{3B44FC15-4D4B-4221-A684-462859D20DFD} = {112A13CC-CB15-4F64-BDBE-088F2CB57955}
		{64C9C9F1-E0D2-40A3-93DC-453C91D6D752} = {112A13CC-CB15-4F64-BDBE-088F2CB57955}
		{392FB170-0201-4774-8DB7-7F370BCBA1F0} = {02EA681E-C7D8-13C7-8484-4AC65E1B71E8}
		{7DE00CA3-D1EA-4254-871B-77BFC03097A9} = {EB21EA9F-360D-41C4-A651-10AF7E5CB8F1}
		{5062C494-ECDE-452E-8A0B-05AD1826831B} = {EB21EA9F-360D-41C4-A651-10AF7E5CB8F1}
		{30C8EA29-D937-4AE5-BEE8-60D142CBE1C5} = {7DE00CA3-D1EA-4254-871B-77BFC03097A9}
		{6D89BB4E-4C5D-4835-A1D6-8B01A61BAEF4} = {7DE00CA3-D1EA-4254-871B-77BFC03097A9}
		{43589B6D-DC36-45C8-A826-F9479A5CB3D0} = {7DE00CA3-D1EA-4254-871B-77BFC03097A9}
		{FA9C5741-6C8C-4719-9DB5-3C9EFECC50E8} = {7DE00CA3-D1EA-4254-871B-77BFC03097A9}
		{56C35D4D-8AED-4B33-9793-98D360F25E4D} = {7DE00CA3-D1EA-4254-871B-77BFC03097A9}
		{936F305E-9EA4-44F8-8111-361F27086B48} = {336AB576-2C3D-4AD4-AF9E-A083EA8D65DB}
		{E07B59BB-C75F-4A51-B4E1-C069A756D9B8} = {336AB576-2C3D-4AD4-AF9E-A083EA8D65DB}
		{2B6C86B1-E4D8-47BB-AA5F-D2BDD800262E} = {336AB576-2C3D-4AD4-AF9E-A083EA8D65DB}
		{50DD9BEB-B647-4F10-6E21-ABBB70A5AB33} = {336AB576-2C3D-4AD4-AF9E-A083EA8D65DB}
		{AA511ECA-EF8D-510E-CF05-AE0DA8977FD0} = {336AB576-2C3D-4AD4-AF9E-A083EA8D65DB}
		{8A9F4F3F-373B-459B-B504-A8C8B3491A7A} = {392FB170-0201-4774-8DB7-7F370BCBA1F0}
		{1DA9EC65-A8A7-4A56-A606-7E864FEF6FB8} = {392FB170-0201-4774-8DB7-7F370BCBA1F0}
		{7DB5E83E-0255-4AFA-B034-7A2C14E46494} = {392FB170-0201-4774-8DB7-7F370BCBA1F0}
		{E35FE6F3-A4BE-4D0A-B5FE-A2199A6EEFB9} = {392FB170-0201-4774-8DB7-7F370BCBA1F0}
		{B6C4B8B0-674F-4EFE-B99F-045B46CE82FA} = {64C9C9F1-E0D2-40A3-93DC-453C91D6D752}
		{60A248C7-4D26-4370-B222-CF16F2872B0E} = {64C9C9F1-E0D2-40A3-93DC-453C91D6D752}
		{BE422D10-0320-4194-8341-10B573323C68} = {64C9C9F1-E0D2-40A3-93DC-453C91D6D752}
		{4418C96F-F48E-4E62-9153-E3FABC2093AE} = {64C9C9F1-E0D2-40A3-93DC-453C91D6D752}
		{DA55E65E-CC73-409F-8072-D90CFB7A6EAE} = {64C9C9F1-E0D2-40A3-93DC-453C91D6D752}
		{BD7D0EDF-560A-4BD0-BFC6-6406BC1F26A9} = {3B44FC15-4D4B-4221-A684-462859D20DFD}
		{F7FEB826-9BDC-4CC3-B1A5-1C58D1689E37} = {EB919135-F2A2-490D-8DFF-972CB948B4B6}
		{8425E673-7204-44BD-B449-B69DBD0D08CD} = {EB919135-F2A2-490D-8DFF-972CB948B4B6}
		{2F11027D-8210-4331-8EAE-8F84C7C47C8C} = {EB919135-F2A2-490D-8DFF-972CB948B4B6}
		{3660C465-CCBC-4F7B-99FB-3D342DB6A538} = {EB919135-F2A2-490D-8DFF-972CB948B4B6}
		{847D7DA7-9753-427A-9042-4195131C942E} = {EB919135-F2A2-490D-8DFF-972CB948B4B6}
		{F86CE1FF-43D2-4A1D-A3D6-907660E98578} = {F79036D0-840B-4563-B583-885172292260}
		{32484A7D-16B4-4C65-8488-79B9D6931127} = {F79036D0-840B-4563-B583-885172292260}
		{69BCB9F0-AD3B-4297-BD6F-6905544A98BF} = {F79036D0-840B-4563-B583-885172292260}
		{0860FF36-CF44-45AD-B20C-5A456A00F122} = {F79036D0-840B-4563-B583-885172292260}
		{E44346C5-3237-42B1-A279-BAD4E269C436} = {F79036D0-840B-4563-B583-885172292260}
		{12496686-B9E8-4D1D-B503-DB9FB349E0BC} = {3B44FC15-4D4B-4221-A684-462859D20DFD}
		{0FCF251B-5DD1-4022-90C3-50CA7577DFEA} = {3B44FC15-4D4B-4221-A684-462859D20DFD}
		{C049BADD-F34C-4099-BC3F-E182FB77858C} = {3B44FC15-4D4B-4221-A684-462859D20DFD}
		{0CE8BC66-8BAD-42CB-BC57-BB9EDF934AA0} = {3B44FC15-4D4B-4221-A684-462859D20DFD}
	EndGlobalSection
	GlobalSection(ExtensibilityGlobals) = postSolution
		SolutionGuid = {161F9CD9-1D42-4863-ADED-CE4290B38439}
	EndGlobalSection
EndGlobal
